
Microsoft Visual Studio Solution File, Format Version 12.00
# Visual Studio 2012
Project("{FAE04EC0-301F-11D3-BF4B-00C04F79EFBC}") = "Showcases", "Showcases\Showcases.csproj", "{6E2C3ED0-8B34-4383-A8C1-3A60E46A9B12}"
EndProject
Global
	GlobalSection(SolutionConfigurationPlatforms) = preSolution
		Debug|Any CPU = Debug|Any CPU
		Release|Any CPU = Release|Any CPU
	EndGlobalSection
	GlobalSection(ProjectConfigurationPlatforms) = postSolution
		{6E2C3ED0-8B34-4383-A8C1-3A60E46A9B12}.Debug|Any CPU.ActiveCfg = Debug|Any CPU
		{6E2C3ED0-8B34-4383-A8C1-3A60E46A9B12}.Debug|Any CPU.Build.0 = Debug|Any CPU
		{6E2C3ED0-8B34-4383-A8C1-3A60E46A9B12}.Release|Any CPU.ActiveCfg = Release|Any CPU
		{6E2C3ED0-8B34-4383-A8C1-3A60E46A9B12}.Release|Any CPU.Build.0 = Release|Any CPU
	EndGlobalSection
	GlobalSection(SolutionProperties) = preSolution
		HideSolutionNode = FALSE
	EndGlobalSection
EndGlobal
